// !$*UTF8*$!
{
	archiveVersion = 1;
	classes = {
	};
	objectVersion = 56;
	objects = {

/* Begin PBXBuildFile section */
		661AF37B2CCAEAFF004EA105 /* CustomSlider.swift in Sources */ = {isa = PBXBuildFile; fileRef = 661AF37A2CCAEAFF004EA105 /* CustomSlider.swift */; };
		661AF37E2CCAF266004EA105 /* ModernSlider in Frameworks */ = {isa = PBXBuildFile; productRef = 661AF37D2CCAF266004EA105 /* ModernSlider */; };
		661AF3802CCAF97E004EA105 /* forecastWeatherData.json in Resources */ = {isa = PBXBuildFile; fileRef = 661AF37F2CCAF97E004EA105 /* forecastWeatherData.json */; };
		664F7E702C769584003A711C /* night.json in Resources */ = {isa = PBXBuildFile; fileRef = 664F7E6F2C769584003A711C /* night.json */; };
		666792F52C6FCF9400DC42D3 /* Lottie in Frameworks */ = {isa = PBXBuildFile; productRef = 666792F42C6FCF9400DC42D3 /* Lottie */; };
		666792F82C6FD55C00DC42D3 /* cloudy-animations.json in Resources */ = {isa = PBXBuildFile; fileRef = 666792F62C6FD55C00DC42D3 /* cloudy-animations.json */; };
		666792F92C6FD55C00DC42D3 /* rain-animation.json in Resources */ = {isa = PBXBuildFile; fileRef = 666792F72C6FD55C00DC42D3 /* rain-animation.json */; };
		666792FB2C6FD84D00DC42D3 /* day.json in Resources */ = {isa = PBXBuildFile; fileRef = 666792FA2C6FD84D00DC42D3 /* day.json */; };
		66ED76732BF7DA85009709B2 /* WeatherApp1App.swift in Sources */ = {isa = PBXBuildFile; fileRef = 66ED76722BF7DA85009709B2 /* WeatherApp1App.swift */; };
		66ED76752BF7DA85009709B2 /* ContentView.swift in Sources */ = {isa = PBXBuildFile; fileRef = 66ED76742BF7DA85009709B2 /* ContentView.swift */; };
		66ED76772BF7DA86009709B2 /* Assets.xcassets in Resources */ = {isa = PBXBuildFile; fileRef = 66ED76762BF7DA86009709B2 /* Assets.xcassets */; };
		66ED767A2BF7DA86009709B2 /* Preview Assets.xcassets in Resources */ = {isa = PBXBuildFile; fileRef = 66ED76792BF7DA86009709B2 /* Preview Assets.xcassets */; };
		66ED76842BF7DA86009709B2 /* WeatherApp1Tests.swift in Sources */ = {isa = PBXBuildFile; fileRef = 66ED76832BF7DA86009709B2 /* WeatherApp1Tests.swift */; };
		66ED768E2BF7DA86009709B2 /* WeatherApp1UITests.swift in Sources */ = {isa = PBXBuildFile; fileRef = 66ED768D2BF7DA86009709B2 /* WeatherApp1UITests.swift */; };
		66ED76902BF7DA86009709B2 /* WeatherApp1UITestsLaunchTests.swift in Sources */ = {isa = PBXBuildFile; fileRef = 66ED768F2BF7DA86009709B2 /* WeatherApp1UITestsLaunchTests.swift */; };
		66ED769E2BF7DB0C009709B2 /* LocationManager.swift in Sources */ = {isa = PBXBuildFile; fileRef = 66ED769D2BF7DB0C009709B2 /* LocationManager.swift */; };
		66ED76A12BF7DE42009709B2 /* WelcomeView.swift in Sources */ = {isa = PBXBuildFile; fileRef = 66ED76A02BF7DE42009709B2 /* WelcomeView.swift */; };
		66ED76A32C0910A0009709B2 /* LoadingView.swift in Sources */ = {isa = PBXBuildFile; fileRef = 66ED76A22C0910A0009709B2 /* LoadingView.swift */; };
		66ED76A52C091331009709B2 /* WeatherManager.swift in Sources */ = {isa = PBXBuildFile; fileRef = 66ED76A42C091331009709B2 /* WeatherManager.swift */; };
		66ED76A72C091C05009709B2 /* WeatherView.swift in Sources */ = {isa = PBXBuildFile; fileRef = 66ED76A62C091C05009709B2 /* WeatherView.swift */; };
		66ED76A92C091D24009709B2 /* ModelData.swift in Sources */ = {isa = PBXBuildFile; fileRef = 66ED76A82C091D24009709B2 /* ModelData.swift */; };
		66ED76AB2C091D50009709B2 /* weatherData.json in Resources */ = {isa = PBXBuildFile; fileRef = 66ED76AA2C091D50009709B2 /* weatherData.json */; };
		66ED76AD2C091EA7009709B2 /* Extensions.swift in Sources */ = {isa = PBXBuildFile; fileRef = 66ED76AC2C091EA7009709B2 /* Extensions.swift */; };
		66ED76B02C092B24009709B2 /* WeatherRow.swift in Sources */ = {isa = PBXBuildFile; fileRef = 66ED76AF2C092B24009709B2 /* WeatherRow.swift */; };
/* End PBXBuildFile section */

/* Begin PBXContainerItemProxy section */
		66ED76802BF7DA86009709B2 /* PBXContainerItemProxy */ = {
			isa = PBXContainerItemProxy;
			containerPortal = 66ED76672BF7DA85009709B2 /* Project object */;
			proxyType = 1;
			remoteGlobalIDString = 66ED766E2BF7DA85009709B2;
			remoteInfo = WeatherApp1;
		};
		66ED768A2BF7DA86009709B2 /* PBXContainerItemProxy */ = {
			isa = PBXContainerItemProxy;
			containerPortal = 66ED76672BF7DA85009709B2 /* Project object */;
			proxyType = 1;
			remoteGlobalIDString = 66ED766E2BF7DA85009709B2;
			remoteInfo = WeatherApp1;
		};
/* End PBXContainerItemProxy section */

/* Begin PBXFileReference section */
		661AF37A2CCAEAFF004EA105 /* CustomSlider.swift */ = {isa = PBXFileReference; lastKnownFileType = sourcecode.swift; path = CustomSlider.swift; sourceTree = "<group>"; };
		661AF37F2CCAF97E004EA105 /* forecastWeatherData.json */ = {isa = PBXFileReference; lastKnownFileType = text.json; path = forecastWeatherData.json; sourceTree = "<group>"; };
		664F7E6F2C769584003A711C /* night.json */ = {isa = PBXFileReference; fileEncoding = 4; lastKnownFileType = text.json; name = night.json; path = "WeatherApp1/Preview Content/night.json"; sourceTree = SOURCE_ROOT; };
		666792F62C6FD55C00DC42D3 /* cloudy-animations.json */ = {isa = PBXFileReference; fileEncoding = 4; lastKnownFileType = text.json; name = "cloudy-animations.json"; path = "WeatherApp1/Preview Content/cloudy-animations.json"; sourceTree = SOURCE_ROOT; };
		666792F72C6FD55C00DC42D3 /* rain-animation.json */ = {isa = PBXFileReference; fileEncoding = 4; lastKnownFileType = text.json; name = "rain-animation.json"; path = "WeatherApp1/Preview Content/rain-animation.json"; sourceTree = SOURCE_ROOT; };
		666792FA2C6FD84D00DC42D3 /* day.json */ = {isa = PBXFileReference; fileEncoding = 4; lastKnownFileType = text.json; name = day.json; path = "WeatherApp1/Preview Content/day.json"; sourceTree = SOURCE_ROOT; };
		66ED766F2BF7DA85009709B2 /* WeatherApp1.app */ = {isa = PBXFileReference; explicitFileType = wrapper.application; includeInIndex = 0; path = WeatherApp1.app; sourceTree = BUILT_PRODUCTS_DIR; };
		66ED76722BF7DA85009709B2 /* WeatherApp1App.swift */ = {isa = PBXFileReference; lastKnownFileType = sourcecode.swift; path = WeatherApp1App.swift; sourceTree = "<group>"; };
		66ED76742BF7DA85009709B2 /* ContentView.swift */ = {isa = PBXFileReference; lastKnownFileType = sourcecode.swift; path = ContentView.swift; sourceTree = "<group>"; };
		66ED76762BF7DA86009709B2 /* Assets.xcassets */ = {isa = PBXFileReference; lastKnownFileType = folder.assetcatalog; path = Assets.xcassets; sourceTree = "<group>"; };
		66ED76792BF7DA86009709B2 /* Preview Assets.xcassets */ = {isa = PBXFileReference; lastKnownFileType = folder.assetcatalog; path = "Preview Assets.xcassets"; sourceTree = "<group>"; };
		66ED767F2BF7DA86009709B2 /* WeatherApp1Tests.xctest */ = {isa = PBXFileReference; explicitFileType = wrapper.cfbundle; includeInIndex = 0; path = WeatherApp1Tests.xctest; sourceTree = BUILT_PRODUCTS_DIR; };
		66ED76832BF7DA86009709B2 /* WeatherApp1Tests.swift */ = {isa = PBXFileReference; lastKnownFileType = sourcecode.swift; path = WeatherApp1Tests.swift; sourceTree = "<group>"; };
		66ED76892BF7DA86009709B2 /* WeatherApp1UITests.xctest */ = {isa = PBXFileReference; explicitFileType = wrapper.cfbundle; includeInIndex = 0; path = WeatherApp1UITests.xctest; sourceTree = BUILT_PRODUCTS_DIR; };
		66ED768D2BF7DA86009709B2 /* WeatherApp1UITests.swift */ = {isa = PBXFileReference; lastKnownFileType = sourcecode.swift; path = WeatherApp1UITests.swift; sourceTree = "<group>"; };
		66ED768F2BF7DA86009709B2 /* WeatherApp1UITestsLaunchTests.swift */ = {isa = PBXFileReference; lastKnownFileType = sourcecode.swift; path = WeatherApp1UITestsLaunchTests.swift; sourceTree = "<group>"; };
		66ED769D2BF7DB0C009709B2 /* LocationManager.swift */ = {isa = PBXFileReference; lastKnownFileType = sourcecode.swift; path = LocationManager.swift; sourceTree = "<group>"; };
		66ED76A02BF7DE42009709B2 /* WelcomeView.swift */ = {isa = PBXFileReference; lastKnownFileType = sourcecode.swift; path = WelcomeView.swift; sourceTree = "<group>"; };
		66ED76A22C0910A0009709B2 /* LoadingView.swift */ = {isa = PBXFileReference; lastKnownFileType = sourcecode.swift; path = LoadingView.swift; sourceTree = "<group>"; };
		66ED76A42C091331009709B2 /* WeatherManager.swift */ = {isa = PBXFileReference; lastKnownFileType = sourcecode.swift; path = WeatherManager.swift; sourceTree = "<group>"; };
		66ED76A62C091C05009709B2 /* WeatherView.swift */ = {isa = PBXFileReference; lastKnownFileType = sourcecode.swift; path = WeatherView.swift; sourceTree = "<group>"; };
		66ED76A82C091D24009709B2 /* ModelData.swift */ = {isa = PBXFileReference; lastKnownFileType = sourcecode.swift; path = ModelData.swift; sourceTree = "<group>"; };
		66ED76AA2C091D50009709B2 /* weatherData.json */ = {isa = PBXFileReference; lastKnownFileType = text.json; path = weatherData.json; sourceTree = "<group>"; };
		66ED76AC2C091EA7009709B2 /* Extensions.swift */ = {isa = PBXFileReference; lastKnownFileType = sourcecode.swift; path = Extensions.swift; sourceTree = "<group>"; };
		66ED76AF2C092B24009709B2 /* WeatherRow.swift */ = {isa = PBXFileReference; lastKnownFileType = sourcecode.swift; path = WeatherRow.swift; sourceTree = "<group>"; };
/* End PBXFileReference section */

/* Begin PBXFrameworksBuildPhase section */
		66ED766C2BF7DA85009709B2 /* Frameworks */ = {
			isa = PBXFrameworksBuildPhase;
			buildActionMask = 2147483647;
			files = (
				661AF37E2CCAF266004EA105 /* ModernSlider in Frameworks */,
				666792F52C6FCF9400DC42D3 /* Lottie in Frameworks */,
			);
			runOnlyForDeploymentPostprocessing = 0;
		};
		66ED767C2BF7DA86009709B2 /* Frameworks */ = {
			isa = PBXFrameworksBuildPhase;
			buildActionMask = 2147483647;
			files = (
			);
			runOnlyForDeploymentPostprocessing = 0;
		};
		66ED76862BF7DA86009709B2 /* Frameworks */ = {
			isa = PBXFrameworksBuildPhase;
			buildActionMask = 2147483647;
			files = (
			);
			runOnlyForDeploymentPostprocessing = 0;
		};
/* End PBXFrameworksBuildPhase section */

/* Begin PBXGroup section */
		66ED76662BF7DA85009709B2 = {
			isa = PBXGroup;
			children = (
				66ED76712BF7DA85009709B2 /* WeatherApp1 */,
				66ED76822BF7DA86009709B2 /* WeatherApp1Tests */,
				66ED768C2BF7DA86009709B2 /* WeatherApp1UITests */,
				66ED76702BF7DA85009709B2 /* Products */,
			);
			sourceTree = "<group>";
		};
		66ED76702BF7DA85009709B2 /* Products */ = {
			isa = PBXGroup;
			children = (
				66ED766F2BF7DA85009709B2 /* WeatherApp1.app */,
				66ED767F2BF7DA86009709B2 /* WeatherApp1Tests.xctest */,
				66ED76892BF7DA86009709B2 /* WeatherApp1UITests.xctest */,
			);
			name = Products;
			sourceTree = "<group>";
		};
		66ED76712BF7DA85009709B2 /* WeatherApp1 */ = {
			isa = PBXGroup;
			children = (
				66ED76AE2C092B0C009709B2 /* Componenets */,
				66ED769F2BF7DDB9009709B2 /* Views */,
				66ED769C2BF7DAF1009709B2 /* Managers */,
				66ED76722BF7DA85009709B2 /* WeatherApp1App.swift */,
				66ED76762BF7DA86009709B2 /* Assets.xcassets */,
				66ED76782BF7DA86009709B2 /* Preview Content */,
				66ED76AC2C091EA7009709B2 /* Extensions.swift */,
			);
			path = WeatherApp1;
			sourceTree = "<group>";
		};
		66ED76782BF7DA86009709B2 /* Preview Content */ = {
			isa = PBXGroup;
			children = (
				661AF37F2CCAF97E004EA105 /* forecastWeatherData.json */,
				66ED76792BF7DA86009709B2 /* Preview Assets.xcassets */,
				66ED76A82C091D24009709B2 /* ModelData.swift */,
				66ED76AA2C091D50009709B2 /* weatherData.json */,
			);
			path = "Preview Content";
			sourceTree = "<group>";
		};
		66ED76822BF7DA86009709B2 /* WeatherApp1Tests */ = {
			isa = PBXGroup;
			children = (
				66ED76832BF7DA86009709B2 /* WeatherApp1Tests.swift */,
			);
			path = WeatherApp1Tests;
			sourceTree = "<group>";
		};
		66ED768C2BF7DA86009709B2 /* WeatherApp1UITests */ = {
			isa = PBXGroup;
			children = (
				66ED768D2BF7DA86009709B2 /* WeatherApp1UITests.swift */,
				66ED768F2BF7DA86009709B2 /* WeatherApp1UITestsLaunchTests.swift */,
			);
			path = WeatherApp1UITests;
			sourceTree = "<group>";
		};
		66ED769C2BF7DAF1009709B2 /* Managers */ = {
			isa = PBXGroup;
			children = (
				66ED769D2BF7DB0C009709B2 /* LocationManager.swift */,
				66ED76A42C091331009709B2 /* WeatherManager.swift */,
			);
			path = Managers;
			sourceTree = "<group>";
		};
		66ED769F2BF7DDB9009709B2 /* Views */ = {
			isa = PBXGroup;
			children = (
				661AF37A2CCAEAFF004EA105 /* CustomSlider.swift */,
				66ED76742BF7DA85009709B2 /* ContentView.swift */,
				66ED76A02BF7DE42009709B2 /* WelcomeView.swift */,
				66ED76A22C0910A0009709B2 /* LoadingView.swift */,
				66ED76A62C091C05009709B2 /* WeatherView.swift */,
				664F7E6F2C769584003A711C /* night.json */,
				666792FA2C6FD84D00DC42D3 /* day.json */,
				666792F62C6FD55C00DC42D3 /* cloudy-animations.json */,
				666792F72C6FD55C00DC42D3 /* rain-animation.json */,
			);
			path = Views;
			sourceTree = "<group>";
		};
		66ED76AE2C092B0C009709B2 /* Componenets */ = {
			isa = PBXGroup;
			children = (
				66ED76AF2C092B24009709B2 /* WeatherRow.swift */,
			);
			path = Componenets;
			sourceTree = "<group>";
		};
/* End PBXGroup section */

/* Begin PBXNativeTarget section */
		66ED766E2BF7DA85009709B2 /* WeatherApp1 */ = {
			isa = PBXNativeTarget;
			buildConfigurationList = 66ED76932BF7DA86009709B2 /* Build configuration list for PBXNativeTarget "WeatherApp1" */;
			buildPhases = (
				66ED766B2BF7DA85009709B2 /* Sources */,
				66ED766C2BF7DA85009709B2 /* Frameworks */,
				66ED766D2BF7DA85009709B2 /* Resources */,
			);
			buildRules = (
			);
			dependencies = (
			);
			name = WeatherApp1;
			packageProductDependencies = (
				666792F42C6FCF9400DC42D3 /* Lottie */,
				661AF37D2CCAF266004EA105 /* ModernSlider */,
			);
			productName = WeatherApp1;
			productReference = 66ED766F2BF7DA85009709B2 /* WeatherApp1.app */;
			productType = "com.apple.product-type.application";
		};
		66ED767E2BF7DA86009709B2 /* WeatherApp1Tests */ = {
			isa = PBXNativeTarget;
			buildConfigurationList = 66ED76962BF7DA86009709B2 /* Build configuration list for PBXNativeTarget "WeatherApp1Tests" */;
			buildPhases = (
				66ED767B2BF7DA86009709B2 /* Sources */,
				66ED767C2BF7DA86009709B2 /* Frameworks */,
				66ED767D2BF7DA86009709B2 /* Resources */,
			);
			buildRules = (
			);
			dependencies = (
				66ED76812BF7DA86009709B2 /* PBXTargetDependency */,
			);
			name = WeatherApp1Tests;
			productName = WeatherApp1Tests;
			productReference = 66ED767F2BF7DA86009709B2 /* WeatherApp1Tests.xctest */;
			productType = "com.apple.product-type.bundle.unit-test";
		};
		66ED76882BF7DA86009709B2 /* WeatherApp1UITests */ = {
			isa = PBXNativeTarget;
			buildConfigurationList = 66ED76992BF7DA86009709B2 /* Build configuration list for PBXNativeTarget "WeatherApp1UITests" */;
			buildPhases = (
				66ED76852BF7DA86009709B2 /* Sources */,
				66ED76862BF7DA86009709B2 /* Frameworks */,
				66ED76872BF7DA86009709B2 /* Resources */,
			);
			buildRules = (
			);
			dependencies = (
				66ED768B2BF7DA86009709B2 /* PBXTargetDependency */,
			);
			name = WeatherApp1UITests;
			productName = WeatherApp1UITests;
			productReference = 66ED76892BF7DA86009709B2 /* WeatherApp1UITests.xctest */;
			productType = "com.apple.product-type.bundle.ui-testing";
		};
/* End PBXNativeTarget section */

/* Begin PBXProject section */
		66ED76672BF7DA85009709B2 /* Project object */ = {
			isa = PBXProject;
			attributes = {
				BuildIndependentTargetsInParallel = 1;
				LastSwiftUpdateCheck = 1540;
				LastUpgradeCheck = 1540;
				TargetAttributes = {
					66ED766E2BF7DA85009709B2 = {
						CreatedOnToolsVersion = 15.4;
					};
					66ED767E2BF7DA86009709B2 = {
						CreatedOnToolsVersion = 15.4;
						TestTargetID = 66ED766E2BF7DA85009709B2;
					};
					66ED76882BF7DA86009709B2 = {
						CreatedOnToolsVersion = 15.4;
						TestTargetID = 66ED766E2BF7DA85009709B2;
					};
				};
			};
			buildConfigurationList = 66ED766A2BF7DA85009709B2 /* Build configuration list for PBXProject "WeatherApp1" */;
			compatibilityVersion = "Xcode 14.0";
			developmentRegion = en;
			hasScannedForEncodings = 0;
			knownRegions = (
				en,
				Base,
			);
			mainGroup = 66ED76662BF7DA85009709B2;
			packageReferences = (
				666792F32C6FCF0F00DC42D3 /* XCRemoteSwiftPackageReference "lottie-ios" */,
				661AF37C2CCAF266004EA105 /* XCRemoteSwiftPackageReference "ModernSlider" */,
			);
			productRefGroup = 66ED76702BF7DA85009709B2 /* Products */;
			projectDirPath = "";
			projectRoot = "";
			targets = (
				66ED766E2BF7DA85009709B2 /* WeatherApp1 */,
				66ED767E2BF7DA86009709B2 /* WeatherApp1Tests */,
				66ED76882BF7DA86009709B2 /* WeatherApp1UITests */,
			);
		};
/* End PBXProject section */

/* Begin PBXResourcesBuildPhase section */
		66ED766D2BF7DA85009709B2 /* Resources */ = {
			isa = PBXResourcesBuildPhase;
			buildActionMask = 2147483647;
			files = (
				666792F92C6FD55C00DC42D3 /* rain-animation.json in Resources */,
				664F7E702C769584003A711C /* night.json in Resources */,
				66ED767A2BF7DA86009709B2 /* Preview Assets.xcassets in Resources */,
				666792FB2C6FD84D00DC42D3 /* day.json in Resources */,
				66ED76AB2C091D50009709B2 /* weatherData.json in Resources */,
				666792F82C6FD55C00DC42D3 /* cloudy-animations.json in Resources */,
				661AF3802CCAF97E004EA105 /* forecastWeatherData.json in Resources */,
				66ED76772BF7DA86009709B2 /* Assets.xcassets in Resources */,
			);
			runOnlyForDeploymentPostprocessing = 0;
		};
		66ED767D2BF7DA86009709B2 /* Resources */ = {
			isa = PBXResourcesBuildPhase;
			buildActionMask = 2147483647;
			files = (
			);
			runOnlyForDeploymentPostprocessing = 0;
		};
		66ED76872BF7DA86009709B2 /* Resources */ = {
			isa = PBXResourcesBuildPhase;
			buildActionMask = 2147483647;
			files = (
			);
			runOnlyForDeploymentPostprocessing = 0;
		};
/* End PBXResourcesBuildPhase section */

/* Begin PBXSourcesBuildPhase section */
		66ED766B2BF7DA85009709B2 /* Sources */ = {
			isa = PBXSourcesBuildPhase;
			buildActionMask = 2147483647;
			files = (
				66ED76A52C091331009709B2 /* WeatherManager.swift in Sources */,
				66ED76AD2C091EA7009709B2 /* Extensions.swift in Sources */,
				661AF37B2CCAEAFF004EA105 /* CustomSlider.swift in Sources */,
				66ED76752BF7DA85009709B2 /* ContentView.swift in Sources */,
				66ED76732BF7DA85009709B2 /* WeatherApp1App.swift in Sources */,
				66ED769E2BF7DB0C009709B2 /* LocationManager.swift in Sources */,
				66ED76B02C092B24009709B2 /* WeatherRow.swift in Sources */,
				66ED76A32C0910A0009709B2 /* LoadingView.swift in Sources */,
				66ED76A92C091D24009709B2 /* ModelData.swift in Sources */,
				66ED76A72C091C05009709B2 /* WeatherView.swift in Sources */,
				66ED76A12BF7DE42009709B2 /* WelcomeView.swift in Sources */,
			);
			runOnlyForDeploymentPostprocessing = 0;
		};
		66ED767B2BF7DA86009709B2 /* Sources */ = {
			isa = PBXSourcesBuildPhase;
			buildActionMask = 2147483647;
			files = (
				66ED76842BF7DA86009709B2 /* WeatherApp1Tests.swift in Sources */,
			);
			runOnlyForDeploymentPostprocessing = 0;
		};
		66ED76852BF7DA86009709B2 /* Sources */ = {
			isa = PBXSourcesBuildPhase;
			buildActionMask = 2147483647;
			files = (
				66ED768E2BF7DA86009709B2 /* WeatherApp1UITests.swift in Sources */,
				66ED76902BF7DA86009709B2 /* WeatherApp1UITestsLaunchTests.swift in Sources */,
			);
			runOnlyForDeploymentPostprocessing = 0;
		};
/* End PBXSourcesBuildPhase section */

/* Begin PBXTargetDependency section */
		66ED76812BF7DA86009709B2 /* PBXTargetDependency */ = {
			isa = PBXTargetDependency;
			target = 66ED766E2BF7DA85009709B2 /* WeatherApp1 */;
			targetProxy = 66ED76802BF7DA86009709B2 /* PBXContainerItemProxy */;
		};
		66ED768B2BF7DA86009709B2 /* PBXTargetDependency */ = {
			isa = PBXTargetDependency;
			target = 66ED766E2BF7DA85009709B2 /* WeatherApp1 */;
			targetProxy = 66ED768A2BF7DA86009709B2 /* PBXContainerItemProxy */;
		};
/* End PBXTargetDependency section */

/* Begin XCBuildConfiguration section */
		66ED76912BF7DA86009709B2 /* Debug */ = {
			isa = XCBuildConfiguration;
			buildSettings = {
				ALWAYS_SEARCH_USER_PATHS = NO;
				ASSETCATALOG_COMPILER_GENERATE_SWIFT_ASSET_SYMBOL_EXTENSIONS = YES;
				CLANG_ANALYZER_NONNULL = YES;
				CLANG_ANALYZER_NUMBER_OBJECT_CONVERSION = YES_AGGRESSIVE;
				CLANG_CXX_LANGUAGE_STANDARD = "gnu++20";
				CLANG_ENABLE_MODULES = YES;
				CLANG_ENABLE_OBJC_ARC = YES;
				CLANG_ENABLE_OBJC_WEAK = YES;
				CLANG_WARN_BLOCK_CAPTURE_AUTORELEASING = YES;
				CLANG_WARN_BOOL_CONVERSION = YES;
				CLANG_WARN_COMMA = YES;
				CLANG_WARN_CONSTANT_CONVERSION = YES;
				CLANG_WARN_DEPRECATED_OBJC_IMPLEMENTATIONS = YES;
				CLANG_WARN_DIRECT_OBJC_ISA_USAGE = YES_ERROR;
				CLANG_WARN_DOCUMENTATION_COMMENTS = YES;
				CLANG_WARN_EMPTY_BODY = YES;
				CLANG_WARN_ENUM_CONVERSION = YES;
				CLANG_WARN_INFINITE_RECURSION = YES;
				CLANG_WARN_INT_CONVERSION = YES;
				CLANG_WARN_NON_LITERAL_NULL_CONVERSION = YES;
				CLANG_WARN_OBJC_IMPLICIT_RETAIN_SELF = YES;
				CLANG_WARN_OBJC_LITERAL_CONVERSION = YES;
				CLANG_WARN_OBJC_ROOT_CLASS = YES_ERROR;
				CLANG_WARN_QUOTED_INCLUDE_IN_FRAMEWORK_HEADER = YES;
				CLANG_WARN_RANGE_LOOP_ANALYSIS = YES;
				CLANG_WARN_STRICT_PROTOTYPES = YES;
				CLANG_WARN_SUSPICIOUS_MOVE = YES;
				CLANG_WARN_UNGUARDED_AVAILABILITY = YES_AGGRESSIVE;
				CLANG_WARN_UNREACHABLE_CODE = YES;
				CLANG_WARN__DUPLICATE_METHOD_MATCH = YES;
				COPY_PHASE_STRIP = NO;
				DEBUG_INFORMATION_FORMAT = dwarf;
				ENABLE_STRICT_OBJC_MSGSEND = YES;
				ENABLE_TESTABILITY = YES;
				ENABLE_USER_SCRIPT_SANDBOXING = YES;
				GCC_C_LANGUAGE_STANDARD = gnu17;
				GCC_DYNAMIC_NO_PIC = NO;
				GCC_NO_COMMON_BLOCKS = YES;
				GCC_OPTIMIZATION_LEVEL = 0;
				GCC_PREPROCESSOR_DEFINITIONS = (
					"DEBUG=1",
					"$(inherited)",
				);
				GCC_WARN_64_TO_32_BIT_CONVERSION = YES;
				GCC_WARN_ABOUT_RETURN_TYPE = YES_ERROR;
				GCC_WARN_UNDECLARED_SELECTOR = YES;
				GCC_WARN_UNINITIALIZED_AUTOS = YES_AGGRESSIVE;
				GCC_WARN_UNUSED_FUNCTION = YES;
				GCC_WARN_UNUSED_VARIABLE = YES;
				IPHONEOS_DEPLOYMENT_TARGET = 17.5;
				LOCALIZATION_PREFERS_STRING_CATALOGS = YES;
				MTL_ENABLE_DEBUG_INFO = INCLUDE_SOURCE;
				MTL_FAST_MATH = YES;
				ONLY_ACTIVE_ARCH = YES;
				SDKROOT = iphoneos;
				SWIFT_ACTIVE_COMPILATION_CONDITIONS = "DEBUG $(inherited)";
				SWIFT_OPTIMIZATION_LEVEL = "-Onone";
			};
			name = Debug;
		};
		66ED76922BF7DA86009709B2 /* Release */ = {
			isa = XCBuildConfiguration;
			buildSettings = {
				ALWAYS_SEARCH_USER_PATHS = NO;
				ASSETCATALOG_COMPILER_GENERATE_SWIFT_ASSET_SYMBOL_EXTENSIONS = YES;
				CLANG_ANALYZER_NONNULL = YES;
				CLANG_ANALYZER_NUMBER_OBJECT_CONVERSION = YES_AGGRESSIVE;
				CLANG_CXX_LANGUAGE_STANDARD = "gnu++20";
				CLANG_ENABLE_MODULES = YES;
				CLANG_ENABLE_OBJC_ARC = YES;
				CLANG_ENABLE_OBJC_WEAK = YES;
				CLANG_WARN_BLOCK_CAPTURE_AUTORELEASING = YES;
				CLANG_WARN_BOOL_CONVERSION = YES;
				CLANG_WARN_COMMA = YES;
				CLANG_WARN_CONSTANT_CONVERSION = YES;
				CLANG_WARN_DEPRECATED_OBJC_IMPLEMENTATIONS = YES;
				CLANG_WARN_DIRECT_OBJC_ISA_USAGE = YES_ERROR;
				CLANG_WARN_DOCUMENTATION_COMMENTS = YES;
				CLANG_WARN_EMPTY_BODY = YES;
				CLANG_WARN_ENUM_CONVERSION = YES;
				CLANG_WARN_INFINITE_RECURSION = YES;
				CLANG_WARN_INT_CONVERSION = YES;
				CLANG_WARN_NON_LITERAL_NULL_CONVERSION = YES;
				CLANG_WARN_OBJC_IMPLICIT_RETAIN_SELF = YES;
				CLANG_WARN_OBJC_LITERAL_CONVERSION = YES;
				CLANG_WARN_OBJC_ROOT_CLASS = YES_ERROR;
				CLANG_WARN_QUOTED_INCLUDE_IN_FRAMEWORK_HEADER = YES;
				CLANG_WARN_RANGE_LOOP_ANALYSIS = YES;
				CLANG_WARN_STRICT_PROTOTYPES = YES;
				CLANG_WARN_SUSPICIOUS_MOVE = YES;
				CLANG_WARN_UNGUARDED_AVAILABILITY = YES_AGGRESSIVE;
				CLANG_WARN_UNREACHABLE_CODE = YES;
				CLANG_WARN__DUPLICATE_METHOD_MATCH = YES;
				COPY_PHASE_STRIP = NO;
				DEBUG_INFORMATION_FORMAT = "dwarf-with-dsym";
				ENABLE_NS_ASSERTIONS = NO;
				ENABLE_STRICT_OBJC_MSGSEND = YES;
				ENABLE_USER_SCRIPT_SANDBOXING = YES;
				GCC_C_LANGUAGE_STANDARD = gnu17;
				GCC_NO_COMMON_BLOCKS = YES;
				GCC_WARN_64_TO_32_BIT_CONVERSION = YES;
				GCC_WARN_ABOUT_RETURN_TYPE = YES_ERROR;
				GCC_WARN_UNDECLARED_SELECTOR = YES;
				GCC_WARN_UNINITIALIZED_AUTOS = YES_AGGRESSIVE;
				GCC_WARN_UNUSED_FUNCTION = YES;
				GCC_WARN_UNUSED_VARIABLE = YES;
				IPHONEOS_DEPLOYMENT_TARGET = 17.5;
				LOCALIZATION_PREFERS_STRING_CATALOGS = YES;
				MTL_ENABLE_DEBUG_INFO = NO;
				MTL_FAST_MATH = YES;
				SDKROOT = iphoneos;
				SWIFT_COMPILATION_MODE = wholemodule;
				VALIDATE_PRODUCT = YES;
			};
			name = Release;
		};
		66ED76942BF7DA86009709B2 /* Debug */ = {
			isa = XCBuildConfiguration;
			buildSettings = {
				ASSETCATALOG_COMPILER_APPICON_NAME = AppIcon;
				ASSETCATALOG_COMPILER_GLOBAL_ACCENT_COLOR_NAME = AccentColor;
				CODE_SIGN_STYLE = Automatic;
				CURRENT_PROJECT_VERSION = 1;
				DEVELOPMENT_ASSET_PATHS = "\"WeatherApp1/Preview Content\"";
				DEVELOPMENT_TEAM = NQ6G572K82;
				ENABLE_PREVIEWS = YES;
				GENERATE_INFOPLIST_FILE = YES;
				INFOPLIST_KEY_UIApplicationSceneManifest_Generation = YES;
				INFOPLIST_KEY_UIApplicationSupportsIndirectInputEvents = YES;
				INFOPLIST_KEY_UILaunchScreen_Generation = YES;
				INFOPLIST_KEY_UISupportedInterfaceOrientations_iPad = "UIInterfaceOrientationPortrait UIInterfaceOrientationPortraitUpsideDown UIInterfaceOrientationLandscapeLeft UIInterfaceOrientationLandscapeRight";
				INFOPLIST_KEY_UISupportedInterfaceOrientations_iPhone = "UIInterfaceOrientationPortrait UIInterfaceOrientationLandscapeLeft UIInterfaceOrientationLandscapeRight";
				LD_RUNPATH_SEARCH_PATHS = (
					"$(inherited)",
					"@executable_path/Frameworks",
				);
				MARKETING_VERSION = 1.0;
				PRODUCT_BUNDLE_IDENTIFIER = KshrugalJain.WeatherApp1;
				PRODUCT_NAME = "$(TARGET_NAME)";
				SWIFT_EMIT_LOC_STRINGS = YES;
				SWIFT_VERSION = 5.0;
				TARGETED_DEVICE_FAMILY = "1,2";
			};
			name = Debug;
		};
		66ED76952BF7DA86009709B2 /* Release */ = {
			isa = XCBuildConfiguration;
			buildSettings = {
				ASSETCATALOG_COMPILER_APPICON_NAME = AppIcon;
				ASSETCATALOG_COMPILER_GLOBAL_ACCENT_COLOR_NAME = AccentColor;
				CODE_SIGN_STYLE = Automatic;
				CURRENT_PROJECT_VERSION = 1;
				DEVELOPMENT_ASSET_PATHS = "\"WeatherApp1/Preview Content\"";
				DEVELOPMENT_TEAM = NQ6G572K82;
				ENABLE_PREVIEWS = YES;
				GENERATE_INFOPLIST_FILE = YES;
				INFOPLIST_KEY_UIApplicationSceneManifest_Generation = YES;
				INFOPLIST_KEY_UIApplicationSupportsIndirectInputEvents = YES;
				INFOPLIST_KEY_UILaunchScreen_Generation = YES;
				INFOPLIST_KEY_UISupportedInterfaceOrientations_iPad = "UIInterfaceOrientationPortrait UIInterfaceOrientationPortraitUpsideDown UIInterfaceOrientationLandscapeLeft UIInterfaceOrientationLandscapeRight";
				INFOPLIST_KEY_UISupportedInterfaceOrientations_iPhone = "UIInterfaceOrientationPortrait UIInterfaceOrientationLandscapeLeft UIInterfaceOrientationLandscapeRight";
				LD_RUNPATH_SEARCH_PATHS = (
					"$(inherited)",
					"@executable_path/Frameworks",
				);
				MARKETING_VERSION = 1.0;
				PRODUCT_BUNDLE_IDENTIFIER = KshrugalJain.WeatherApp1;
				PRODUCT_NAME = "$(TARGET_NAME)";
				SWIFT_EMIT_LOC_STRINGS = YES;
				SWIFT_VERSION = 5.0;
				TARGETED_DEVICE_FAMILY = "1,2";
			};
			name = Release;
		};
		66ED76972BF7DA86009709B2 /* Debug */ = {
			isa = XCBuildConfiguration;
			buildSettings = {
				ALWAYS_EMBED_SWIFT_STANDARD_LIBRARIES = YES;
				BUNDLE_LOADER = "$(TEST_HOST)";
				CODE_SIGN_STYLE = Automatic;
				CURRENT_PROJECT_VERSION = 1;
				GENERATE_INFOPLIST_FILE = YES;
				IPHONEOS_DEPLOYMENT_TARGET = 17.5;
				MARKETING_VERSION = 1.0;
				PRODUCT_BUNDLE_IDENTIFIER = KshrugalJain.WeatherApp1Tests;
				PRODUCT_NAME = "$(TARGET_NAME)";
				SWIFT_EMIT_LOC_STRINGS = NO;
				SWIFT_VERSION = 5.0;
				TARGETED_DEVICE_FAMILY = "1,2";
				TEST_HOST = "$(BUILT_PRODUCTS_DIR)/WeatherApp1.app/$(BUNDLE_EXECUTABLE_FOLDER_PATH)/WeatherApp1";
			};
			name = Debug;
		};
		66ED76982BF7DA86009709B2 /* Release */ = {
			isa = XCBuildConfiguration;
			buildSettings = {
				ALWAYS_EMBED_SWIFT_STANDARD_LIBRARIES = YES;
				BUNDLE_LOADER = "$(TEST_HOST)";
				CODE_SIGN_STYLE = Automatic;
				CURRENT_PROJECT_VERSION = 1;
				GENERATE_INFOPLIST_FILE = YES;
				IPHONEOS_DEPLOYMENT_TARGET = 17.5;
				MARKETING_VERSION = 1.0;
				PRODUCT_BUNDLE_IDENTIFIER = KshrugalJain.WeatherApp1Tests;
				PRODUCT_NAME = "$(TARGET_NAME)";
				SWIFT_EMIT_LOC_STRINGS = NO;
				SWIFT_VERSION = 5.0;
				TARGETED_DEVICE_FAMILY = "1,2";
				TEST_HOST = "$(BUILT_PRODUCTS_DIR)/WeatherApp1.app/$(BUNDLE_EXECUTABLE_FOLDER_PATH)/WeatherApp1";
			};
			name = Release;
		};
		66ED769A2BF7DA86009709B2 /* Debug */ = {
			isa = XCBuildConfiguration;
			buildSettings = {
				ALWAYS_EMBED_SWIFT_STANDARD_LIBRARIES = YES;
				CODE_SIGN_STYLE = Automatic;
				CURRENT_PROJECT_VERSION = 1;
				GENERATE_INFOPLIST_FILE = YES;
				MARKETING_VERSION = 1.0;
				PRODUCT_BUNDLE_IDENTIFIER = KshrugalJain.WeatherApp1UITests;
				PRODUCT_NAME = "$(TARGET_NAME)";
				SWIFT_EMIT_LOC_STRINGS = NO;
				SWIFT_VERSION = 5.0;
				TARGETED_DEVICE_FAMILY = "1,2";
				TEST_TARGET_NAME = WeatherApp1;
			};
			name = Debug;
		};
		66ED769B2BF7DA86009709B2 /* Release */ = {
			isa = XCBuildConfiguration;
			buildSettings = {
				ALWAYS_EMBED_SWIFT_STANDARD_LIBRARIES = YES;
				CODE_SIGN_STYLE = Automatic;
				CURRENT_PROJECT_VERSION = 1;
				GENERATE_INFOPLIST_FILE = YES;
				MARKETING_VERSION = 1.0;
				PRODUCT_BUNDLE_IDENTIFIER = KshrugalJain.WeatherApp1UITests;
				PRODUCT_NAME = "$(TARGET_NAME)";
				SWIFT_EMIT_LOC_STRINGS = NO;
				SWIFT_VERSION = 5.0;
				TARGETED_DEVICE_FAMILY = "1,2";
				TEST_TARGET_NAME = WeatherApp1;
			};
			name = Release;
		};
/* End XCBuildConfiguration section */

/* Begin XCConfigurationList section */
		66ED766A2BF7DA85009709B2 /* Build configuration list for PBXProject "WeatherApp1" */ = {
			isa = XCConfigurationList;
			buildConfigurations = (
				66ED76912BF7DA86009709B2 /* Debug */,
				66ED76922BF7DA86009709B2 /* Release */,
			);
			defaultConfigurationIsVisible = 0;
			defaultConfigurationName = Release;
		};
		66ED76932BF7DA86009709B2 /* Build configuration list for PBXNativeTarget "WeatherApp1" */ = {
			isa = XCConfigurationList;
			buildConfigurations = (
				66ED76942BF7DA86009709B2 /* Debug */,
				66ED76952BF7DA86009709B2 /* Release */,
			);
			defaultConfigurationIsVisible = 0;
			defaultConfigurationName = Release;
		};
		66ED76962BF7DA86009709B2 /* Build configuration list for PBXNativeTarget "WeatherApp1Tests" */ = {
			isa = XCConfigurationList;
			buildConfigurations = (
				66ED76972BF7DA86009709B2 /* Debug */,
				66ED76982BF7DA86009709B2 /* Release */,
			);
			defaultConfigurationIsVisible = 0;
			defaultConfigurationName = Release;
		};
		66ED76992BF7DA86009709B2 /* Build configuration list for PBXNativeTarget "WeatherApp1UITests" */ = {
			isa = XCConfigurationList;
			buildConfigurations = (
				66ED769A2BF7DA86009709B2 /* Debug */,
				66ED769B2BF7DA86009709B2 /* Release */,
			);
			defaultConfigurationIsVisible = 0;
			defaultConfigurationName = Release;
		};
/* End XCConfigurationList section */

/* Begin XCRemoteSwiftPackageReference section */
		661AF37C2CCAF266004EA105 /* XCRemoteSwiftPackageReference "ModernSlider" */ = {
			isa = XCRemoteSwiftPackageReference;
			repositoryURL = "https://github.com/arjun-dureja/ModernSlider";
			requirement = {
				branch = main;
				kind = branch;
			};
		};
		666792F32C6FCF0F00DC42D3 /* XCRemoteSwiftPackageReference "lottie-ios" */ = {
			isa = XCRemoteSwiftPackageReference;
			repositoryURL = "https://github.com/airbnb/lottie-ios";
			requirement = {
				kind = upToNextMajorVersion;
				minimumVersion = 4.5.0;
			};
		};
/* End XCRemoteSwiftPackageReference section */

/* Begin XCSwiftPackageProductDependency section */
		661AF37D2CCAF266004EA105 /* ModernSlider */ = {
			isa = XCSwiftPackageProductDependency;
			package = 661AF37C2CCAF266004EA105 /* XCRemoteSwiftPackageReference "ModernSlider" */;
			productName = ModernSlider;
		};
		666792F42C6FCF9400DC42D3 /* Lottie */ = {
			isa = XCSwiftPackageProductDependency;
			package = 666792F32C6FCF0F00DC42D3 /* XCRemoteSwiftPackageReference "lottie-ios" */;
			productName = Lottie;
		};
/* End XCSwiftPackageProductDependency section */
	};
	rootObject = 66ED76672BF7DA85009709B2 /* Project object */;
}
